# This file was autogenerated by Stack.
# You should not edit this file by hand.
# For more information, please see the documentation at:
#   https://docs.haskellstack.org/en/stable/lock_files

packages: []
snapshots:
- completed:
    size: 581278
    url: https://raw.githubusercontent.com/commercialhaskell/stackage-snapshots/master/nightly/2021/4/25.yaml
    sha256: 27d716a775c811b0ce57d2a48bef8440a41cf3627bfa49d0e380de024b245734
  original: nightly-2021-04-25
